// !$*UTF8*$!
{
	archiveVersion = 1;
	classes = {
	};
	objectVersion = 56;
	objects = {

/* Begin PBXBuildFile section */
		550CB7652A3B85340050A587 /* Reminder.swift in Sources */ = {isa = PBXBuildFile; fileRef = 550CB7642A3B85340050A587 /* Reminder.swift */; };
		550CB7672A3BA2400050A587 /* Date_Today.swift in Sources */ = {isa = PBXBuildFile; fileRef = 550CB7662A3BA2400050A587 /* Date_Today.swift */; };
		552797A12A3A458D00EB6954 /* AppDelegate.swift in Sources */ = {isa = PBXBuildFile; fileRef = 552797A02A3A458D00EB6954 /* AppDelegate.swift */; };
		552797A32A3A458D00EB6954 /* SceneDelegate.swift in Sources */ = {isa = PBXBuildFile; fileRef = 552797A22A3A458D00EB6954 /* SceneDelegate.swift */; };
		552797A52A3A458D00EB6954 /* ReminderListViewController.swift in Sources */ = {isa = PBXBuildFile; fileRef = 552797A42A3A458D00EB6954 /* ReminderListViewController.swift */; };
		552797A82A3A458D00EB6954 /* Main.storyboard in Resources */ = {isa = PBXBuildFile; fileRef = 552797A62A3A458D00EB6954 /* Main.storyboard */; };
		552797AA2A3A458E00EB6954 /* Assets.xcassets in Resources */ = {isa = PBXBuildFile; fileRef = 552797A92A3A458E00EB6954 /* Assets.xcassets */; };
		552797AD2A3A458E00EB6954 /* LaunchScreen.storyboard in Resources */ = {isa = PBXBuildFile; fileRef = 552797AB2A3A458E00EB6954 /* LaunchScreen.storyboard */; };
/* End PBXBuildFile section */

/* Begin PBXFileReference section */
		550CB7642A3B85340050A587 /* Reminder.swift */ = {isa = PBXFileReference; lastKnownFileType = sourcecode.swift; path = Reminder.swift; sourceTree = "<group>"; };
		550CB7662A3BA2400050A587 /* Date_Today.swift */ = {isa = PBXFileReference; lastKnownFileType = sourcecode.swift; path = Date_Today.swift; sourceTree = "<group>"; };
		5527979D2A3A458D00EB6954 /* AuJour.app */ = {isa = PBXFileReference; explicitFileType = wrapper.application; includeInIndex = 0; path = AuJour.app; sourceTree = BUILT_PRODUCTS_DIR; };
		552797A02A3A458D00EB6954 /* AppDelegate.swift */ = {isa = PBXFileReference; lastKnownFileType = sourcecode.swift; path = AppDelegate.swift; sourceTree = "<group>"; };
		552797A22A3A458D00EB6954 /* SceneDelegate.swift */ = {isa = PBXFileReference; lastKnownFileType = sourcecode.swift; path = SceneDelegate.swift; sourceTree = "<group>"; };
		552797A42A3A458D00EB6954 /* ReminderListViewController.swift */ = {isa = PBXFileReference; lastKnownFileType = sourcecode.swift; path = ReminderListViewController.swift; sourceTree = "<group>"; };
		552797A72A3A458D00EB6954 /* Base */ = {isa = PBXFileReference; lastKnownFileType = file.storyboard; name = Base; path = Base.lproj/Main.storyboard; sourceTree = "<group>"; };
		552797A92A3A458E00EB6954 /* Assets.xcassets */ = {isa = PBXFileReference; lastKnownFileType = folder.assetcatalog; path = Assets.xcassets; sourceTree = "<group>"; };
		552797AC2A3A458E00EB6954 /* Base */ = {isa = PBXFileReference; lastKnownFileType = file.storyboard; name = Base; path = Base.lproj/LaunchScreen.storyboard; sourceTree = "<group>"; };
		552797AE2A3A458E00EB6954 /* Info.plist */ = {isa = PBXFileReference; lastKnownFileType = text.plist.xml; path = Info.plist; sourceTree = "<group>"; };
/* End PBXFileReference section */

/* Begin PBXFrameworksBuildPhase section */
		5527979A2A3A458D00EB6954 /* Frameworks */ = {
			isa = PBXFrameworksBuildPhase;
			buildActionMask = 2147483647;
			files = (
			);
			runOnlyForDeploymentPostprocessing = 0;
		};
/* End PBXFrameworksBuildPhase section */

/* Begin PBXGroup section */
		550CB7632A3B84C90050A587 /* Models */ = {
			isa = PBXGroup;
			children = (
				550CB7642A3B85340050A587 /* Reminder.swift */,
				550CB7662A3BA2400050A587 /* Date_Today.swift */,
			);
			path = Models;
			sourceTree = "<group>";
		};
		552797942A3A458D00EB6954 = {
			isa = PBXGroup;
			children = (
				5527979F2A3A458D00EB6954 /* AuJour */,
				5527979E2A3A458D00EB6954 /* Products */,
			);
			sourceTree = "<group>";
		};
		5527979E2A3A458D00EB6954 /* Products */ = {
			isa = PBXGroup;
			children = (
				5527979D2A3A458D00EB6954 /* AuJour.app */,
			);
			name = Products;
			sourceTree = "<group>";
		};
		5527979F2A3A458D00EB6954 /* AuJour */ = {
			isa = PBXGroup;
			children = (
				550CB7632A3B84C90050A587 /* Models */,
				552797A02A3A458D00EB6954 /* AppDelegate.swift */,
				552797A22A3A458D00EB6954 /* SceneDelegate.swift */,
				552797A42A3A458D00EB6954 /* ReminderListViewController.swift */,
				552797A62A3A458D00EB6954 /* Main.storyboard */,
				552797A92A3A458E00EB6954 /* Assets.xcassets */,
				552797AB2A3A458E00EB6954 /* LaunchScreen.storyboard */,
				552797AE2A3A458E00EB6954 /* Info.plist */,
			);
			path = AuJour;
			sourceTree = "<group>";
		};
/* End PBXGroup section */

/* Begin PBXNativeTarget section */
		5527979C2A3A458D00EB6954 /* AuJour */ = {
			isa = PBXNativeTarget;
			buildConfigurationList = 552797B12A3A458E00EB6954 /* Build configuration list for PBXNativeTarget "AuJour" */;
			buildPhases = (
				552797992A3A458D00EB6954 /* Sources */,
				5527979A2A3A458D00EB6954 /* Frameworks */,
				5527979B2A3A458D00EB6954 /* Resources */,
			);
			buildRules = (
			);
			dependencies = (
			);
			name = AuJour;
			productName = AuJour;
			productReference = 5527979D2A3A458D00EB6954 /* AuJour.app */;
			productType = "com.apple.product-type.application";
		};
/* End PBXNativeTarget section */

/* Begin PBXProject section */
		552797952A3A458D00EB6954 /* Project object */ = {
			isa = PBXProject;
			attributes = {
				BuildIndependentTargetsInParallel = 1;
				LastSwiftUpdateCheck = 1430;
				LastUpgradeCheck = 1430;
				TargetAttributes = {
					5527979C2A3A458D00EB6954 = {
						CreatedOnToolsVersion = 14.3.1;
					};
				};
			};
			buildConfigurationList = 552797982A3A458D00EB6954 /* Build configuration list for PBXProject "AuJour" */;
			compatibilityVersion = "Xcode 14.0";
			developmentRegion = en;
			hasScannedForEncodings = 0;
			knownRegions = (
				en,
				Base,
			);
			mainGroup = 552797942A3A458D00EB6954;
			productRefGroup = 5527979E2A3A458D00EB6954 /* Products */;
			projectDirPath = "";
			projectRoot = "";
			targets = (
				5527979C2A3A458D00EB6954 /* AuJour */,
			);
		};
/* End PBXProject section */

/* Begin PBXResourcesBuildPhase section */
		5527979B2A3A458D00EB6954 /* Resources */ = {
			isa = PBXResourcesBuildPhase;
			buildActionMask = 2147483647;
			files = (
				552797AD2A3A458E00EB6954 /* LaunchScreen.storyboard in Resources */,
				552797AA2A3A458E00EB6954 /* Assets.xcassets in Resources */,
				552797A82A3A458D00EB6954 /* Main.storyboard in Resources */,
			);
			runOnlyForDeploymentPostprocessing = 0;
		};
/* End PBXResourcesBuildPhase section */

/* Begin PBXSourcesBuildPhase section */
		552797992A3A458D00EB6954 /* Sources */ = {
			isa = PBXSourcesBuildPhase;
			buildActionMask = 2147483647;
			files = (
				552797A52A3A458D00EB6954 /* ReminderListViewController.swift in Sources */,
				552797A12A3A458D00EB6954 /* AppDelegate.swift in Sources */,
				552797A32A3A458D00EB6954 /* SceneDelegate.swift in Sources */,
				550CB7652A3B85340050A587 /* Reminder.swift in Sources */,
				550CB7672A3BA2400050A587 /* Date_Today.swift in Sources */,
			);
			runOnlyForDeploymentPostprocessing = 0;
		};
/* End PBXSourcesBuildPhase section */

/* Begin PBXVariantGroup section */
		552797A62A3A458D00EB6954 /* Main.storyboard */ = {
			isa = PBXVariantGroup;
			children = (
				552797A72A3A458D00EB6954 /* Base */,
			);
			name = Main.storyboard;
			sourceTree = "<group>";
		};
		552797AB2A3A458E00EB6954 /* LaunchScreen.storyboard */ = {
			isa = PBXVariantGroup;
			children = (
				552797AC2A3A458E00EB6954 /* Base */,
			);
			name = LaunchScreen.storyboard;
			sourceTree = "<group>";
		};
/* End PBXVariantGroup section */

/* Begin XCBuildConfiguration section */
		552797AF2A3A458E00EB6954 /* Debug */ = {
			isa = XCBuildConfiguration;
			buildSettings = {
				ALWAYS_SEARCH_USER_PATHS = NO;
				CLANG_ANALYZER_NONNULL = YES;
				CLANG_ANALYZER_NUMBER_OBJECT_CONVERSION = YES_AGGRESSIVE;
				CLANG_CXX_LANGUAGE_STANDARD = "gnu++20";
				CLANG_ENABLE_MODULES = YES;
				CLANG_ENABLE_OBJC_ARC = YES;
				CLANG_ENABLE_OBJC_WEAK = YES;
				CLANG_WARN_BLOCK_CAPTURE_AUTORELEASING = YES;
				CLANG_WARN_BOOL_CONVERSION = YES;
				CLANG_WARN_COMMA = YES;
				CLANG_WARN_CONSTANT_CONVERSION = YES;
				CLANG_WARN_DEPRECATED_OBJC_IMPLEMENTATIONS = YES;
				CLANG_WARN_DIRECT_OBJC_ISA_USAGE = YES_ERROR;
				CLANG_WARN_DOCUMENTATION_COMMENTS = YES;
				CLANG_WARN_EMPTY_BODY = YES;
				CLANG_WARN_ENUM_CONVERSION = YES;
				CLANG_WARN_INFINITE_RECURSION = YES;
				CLANG_WARN_INT_CONVERSION = YES;
				CLANG_WARN_NON_LITERAL_NULL_CONVERSION = YES;
				CLANG_WARN_OBJC_IMPLICIT_RETAIN_SELF = YES;
				CLANG_WARN_OBJC_LITERAL_CONVERSION = YES;
				CLANG_WARN_OBJC_ROOT_CLASS = YES_ERROR;
				CLANG_WARN_QUOTED_INCLUDE_IN_FRAMEWORK_HEADER = YES;
				CLANG_WARN_RANGE_LOOP_ANALYSIS = YES;
				CLANG_WARN_STRICT_PROTOTYPES = YES;
				CLANG_WARN_SUSPICIOUS_MOVE = YES;
				CLANG_WARN_UNGUARDED_AVAILABILITY = YES_AGGRESSIVE;
				CLANG_WARN_UNREACHABLE_CODE = YES;
				CLANG_WARN__DUPLICATE_METHOD_MATCH = YES;
				COPY_PHASE_STRIP = NO;
				DEBUG_INFORMATION_FORMAT = dwarf;
				ENABLE_STRICT_OBJC_MSGSEND = YES;
				ENABLE_TESTABILITY = YES;
				GCC_C_LANGUAGE_STANDARD = gnu11;
				GCC_DYNAMIC_NO_PIC = NO;
				GCC_NO_COMMON_BLOCKS = YES;
				GCC_OPTIMIZATION_LEVEL = 0;
				GCC_PREPROCESSOR_DEFINITIONS = (
					"DEBUG=1",
					"$(inherited)",
				);
				GCC_WARN_64_TO_32_BIT_CONVERSION = YES;
				GCC_WARN_ABOUT_RETURN_TYPE = YES_ERROR;
				GCC_WARN_UNDECLARED_SELECTOR = YES;
				GCC_WARN_UNINITIALIZED_AUTOS = YES_AGGRESSIVE;
				GCC_WARN_UNUSED_FUNCTION = YES;
				GCC_WARN_UNUSED_VARIABLE = YES;
				IPHONEOS_DEPLOYMENT_TARGET = 16.4;
				MTL_ENABLE_DEBUG_INFO = INCLUDE_SOURCE;
				MTL_FAST_MATH = YES;
				ONLY_ACTIVE_ARCH = YES;
				SDKROOT = iphoneos;
				SWIFT_ACTIVE_COMPILATION_CONDITIONS = DEBUG;
				SWIFT_OPTIMIZATION_LEVEL = "-Onone";
			};
			name = Debug;
		};
		552797B02A3A458E00EB6954 /* Release */ = {
			isa = XCBuildConfiguration;
			buildSettings = {
				ALWAYS_SEARCH_USER_PATHS = NO;
				CLANG_ANALYZER_NONNULL = YES;
				CLANG_ANALYZER_NUMBER_OBJECT_CONVERSION = YES_AGGRESSIVE;
				CLANG_CXX_LANGUAGE_STANDARD = "gnu++20";
				CLANG_ENABLE_MODULES = YES;
				CLANG_ENABLE_OBJC_ARC = YES;
				CLANG_ENABLE_OBJC_WEAK = YES;
				CLANG_WARN_BLOCK_CAPTURE_AUTORELEASING = YES;
				CLANG_WARN_BOOL_CONVERSION = YES;
				CLANG_WARN_COMMA = YES;
				CLANG_WARN_CONSTANT_CONVERSION = YES;
				CLANG_WARN_DEPRECATED_OBJC_IMPLEMENTATIONS = YES;
				CLANG_WARN_DIRECT_OBJC_ISA_USAGE = YES_ERROR;
				CLANG_WARN_DOCUMENTATION_COMMENTS = YES;
				CLANG_WARN_EMPTY_BODY = YES;
				CLANG_WARN_ENUM_CONVERSION = YES;
				CLANG_WARN_INFINITE_RECURSION = YES;
				CLANG_WARN_INT_CONVERSION = YES;
				CLANG_WARN_NON_LITERAL_NULL_CONVERSION = YES;
				CLANG_WARN_OBJC_IMPLICIT_RETAIN_SELF = YES;
				CLANG_WARN_OBJC_LITERAL_CONVERSION = YES;
				CLANG_WARN_OBJC_ROOT_CLASS = YES_ERROR;
				CLANG_WARN_QUOTED_INCLUDE_IN_FRAMEWORK_HEADER = YES;
				CLANG_WARN_RANGE_LOOP_ANALYSIS = YES;
				CLANG_WARN_STRICT_PROTOTYPES = YES;
				CLANG_WARN_SUSPICIOUS_MOVE = YES;
				CLANG_WARN_UNGUARDED_AVAILABILITY = YES_AGGRESSIVE;
				CLANG_WARN_UNREACHABLE_CODE = YES;
				CLANG_WARN__DUPLICATE_METHOD_MATCH = YES;
				COPY_PHASE_STRIP = NO;
				DEBUG_INFORMATION_FORMAT = "dwarf-with-dsym";
				ENABLE_NS_ASSERTIONS = NO;
				ENABLE_STRICT_OBJC_MSGSEND = YES;
				GCC_C_LANGUAGE_STANDARD = gnu11;
				GCC_NO_COMMON_BLOCKS = YES;
				GCC_WARN_64_TO_32_BIT_CONVERSION = YES;
				GCC_WARN_ABOUT_RETURN_TYPE = YES_ERROR;
				GCC_WARN_UNDECLARED_SELECTOR = YES;
				GCC_WARN_UNINITIALIZED_AUTOS = YES_AGGRESSIVE;
				GCC_WARN_UNUSED_FUNCTION = YES;
				GCC_WARN_UNUSED_VARIABLE = YES;
				IPHONEOS_DEPLOYMENT_TARGET = 16.4;
				MTL_ENABLE_DEBUG_INFO = NO;
				MTL_FAST_MATH = YES;
				SDKROOT = iphoneos;
				SWIFT_COMPILATION_MODE = wholemodule;
				SWIFT_OPTIMIZATION_LEVEL = "-O";
				VALIDATE_PRODUCT = YES;
			};
			name = Release;
		};
		552797B22A3A458E00EB6954 /* Debug */ = {
			isa = XCBuildConfiguration;
			buildSettings = {
				ASSETCATALOG_COMPILER_APPICON_NAME = AppIcon;
				ASSETCATALOG_COMPILER_GLOBAL_ACCENT_COLOR_NAME = AccentColor;
				CODE_SIGN_STYLE = Automatic;
				CURRENT_PROJECT_VERSION = 1;
				GENERATE_INFOPLIST_FILE = YES;
				INFOPLIST_FILE = AuJour/Info.plist;
				INFOPLIST_KEY_UIApplicationSupportsIndirectInputEvents = YES;
				INFOPLIST_KEY_UILaunchStoryboardName = LaunchScreen;
				INFOPLIST_KEY_UIMainStoryboardFile = Main;
				INFOPLIST_KEY_UISupportedInterfaceOrientations_iPad = "UIInterfaceOrientationPortrait UIInterfaceOrientationPortraitUpsideDown UIInterfaceOrientationLandscapeLeft UIInterfaceOrientationLandscapeRight";
				INFOPLIST_KEY_UISupportedInterfaceOrientations_iPhone = "UIInterfaceOrientationPortrait UIInterfaceOrientationLandscapeLeft UIInterfaceOrientationLandscapeRight";
				LD_RUNPATH_SEARCH_PATHS = (
					"$(inherited)",
					"@executable_path/Frameworks",
				);
				MARKETING_VERSION = 1.0;
				PRODUCT_BUNDLE_IDENTIFIER = "Geo-F-X.AuJour";
				PRODUCT_NAME = "$(TARGET_NAME)";
				SWIFT_EMIT_LOC_STRINGS = YES;
				SWIFT_VERSION = 5.0;
				TARGETED_DEVICE_FAMILY = "1,2";
			};
			name = Debug;
		};
		552797B32A3A458E00EB6954 /* Release */ = {
			isa = XCBuildConfiguration;
			buildSettings = {
				ASSETCATALOG_COMPILER_APPICON_NAME = AppIcon;
				ASSETCATALOG_COMPILER_GLOBAL_ACCENT_COLOR_NAME = AccentColor;
				CODE_SIGN_STYLE = Automatic;
				CURRENT_PROJECT_VERSION = 1;
				GENERATE_INFOPLIST_FILE = YES;
				INFOPLIST_FILE = AuJour/Info.plist;
				INFOPLIST_KEY_UIApplicationSupportsIndirectInputEvents = YES;
				INFOPLIST_KEY_UILaunchStoryboardName = LaunchScreen;
				INFOPLIST_KEY_UIMainStoryboardFile = Main;
				INFOPLIST_KEY_UISupportedInterfaceOrientations_iPad = "UIInterfaceOrientationPortrait UIInterfaceOrientationPortraitUpsideDown UIInterfaceOrientationLandscapeLeft UIInterfaceOrientationLandscapeRight";
				INFOPLIST_KEY_UISupportedInterfaceOrientations_iPhone = "UIInterfaceOrientationPortrait UIInterfaceOrientationLandscapeLeft UIInterfaceOrientationLandscapeRight";
				LD_RUNPATH_SEARCH_PATHS = (
					"$(inherited)",
					"@executable_path/Frameworks",
				);
				MARKETING_VERSION = 1.0;
				PRODUCT_BUNDLE_IDENTIFIER = "Geo-F-X.AuJour";
				PRODUCT_NAME = "$(TARGET_NAME)";
				SWIFT_EMIT_LOC_STRINGS = YES;
				SWIFT_VERSION = 5.0;
				TARGETED_DEVICE_FAMILY = "1,2";
			};
			name = Release;
		};
/* End XCBuildConfiguration section */

/* Begin XCConfigurationList section */
		552797982A3A458D00EB6954 /* Build configuration list for PBXProject "AuJour" */ = {
			isa = XCConfigurationList;
			buildConfigurations = (
				552797AF2A3A458E00EB6954 /* Debug */,
				552797B02A3A458E00EB6954 /* Release */,
			);
			defaultConfigurationIsVisible = 0;
			defaultConfigurationName = Release;
		};
		552797B12A3A458E00EB6954 /* Build configuration list for PBXNativeTarget "AuJour" */ = {
			isa = XCConfigurationList;
			buildConfigurations = (
				552797B22A3A458E00EB6954 /* Debug */,
				552797B32A3A458E00EB6954 /* Release */,
			);
			defaultConfigurationIsVisible = 0;
			defaultConfigurationName = Release;
		};
/* End XCConfigurationList section */
	};
	rootObject = 552797952A3A458D00EB6954 /* Project object */;
}
